
Microsoft Visual Studio Solution File, Format Version 12.00
# Visual Studio Version 17
VisualStudioVersion = 17.7.34031.279
MinimumVisualStudioVersion = 10.0.40219.1
Project("{8BC9CEB8-8B4A-11D0-8D11-00A0C91BC942}") = "f2ex2", "f2ex2\f2ex2.vcxproj", "{B0266F49-A92C-4D72-AE02-24E054424E4C}"
EndProject
Global
	GlobalSection(SolutionConfigurationPlatforms) = preSolution
		Debug|x64 = Debug|x64
		Debug|x86 = Debug|x86
		Release|x64 = Release|x64
		Release|x86 = Release|x86
	EndGlobalSection
	GlobalSection(ProjectConfigurationPlatforms) = postSolution
		{B0266F49-A92C-4D72-AE02-24E054424E4C}.Debug|x64.ActiveCfg = Debug|x64
		{B0266F49-A92C-4D72-AE02-24E054424E4C}.Debug|x64.Build.0 = Debug|x64
		{B0266F49-A92C-4D72-AE02-24E054424E4C}.Debug|x86.ActiveCfg = Debug|Win32
		{B0266F49-A92C-4D72-AE02-24E054424E4C}.Debug|x86.Build.0 = Debug|Win32
		{B0266F49-A92C-4D72-AE02-24E054424E4C}.Release|x64.ActiveCfg = Release|x64
		{B0266F49-A92C-4D72-AE02-24E054424E4C}.Release|x64.Build.0 = Release|x64
		{B0266F49-A92C-4D72-AE02-24E054424E4C}.Release|x86.ActiveCfg = Release|Win32
		{B0266F49-A92C-4D72-AE02-24E054424E4C}.Release|x86.Build.0 = Release|Win32
	EndGlobalSection
	GlobalSection(SolutionProperties) = preSolution
		HideSolutionNode = FALSE
	EndGlobalSection
	GlobalSection(ExtensibilityGlobals) = postSolution
		SolutionGuid = {BD9E0CBE-F7B8-4B73-947A-0C5085FF62A9}
	EndGlobalSection
EndGlobal
